
Microsoft Visual Studio Solution File, Format Version 12.00
# Visual Studio Version 17
VisualStudioVersion = 17.11.35222.181
MinimumVisualStudioVersion = 10.0.40219.1
Project("{FAE04EC0-301F-11D3-BF4B-00C04F79EFBC}") = "HorseApp.Api", "HorseApp.Api.csproj", "{93212097-DF58-425F-A2BC-3C2D75D840F6}"
EndProject
Project("{FAE04EC0-301F-11D3-BF4B-00C04F79EFBC}") = "HorseApp.Domain", "..\HorseApp.Domain\HorseApp.Domain.csproj", "{D7B0646A-C386-46F0-870F-974A0556EB43}"
EndProject
Project("{FAE04EC0-301F-11D3-BF4B-00C04F79EFBC}") = "HorseApp.Application", "..\HorseApp.Application\HorseApp.Application.csproj", "{C0E43C18-2D5F-42C1-B32D-AA4A679BD589}"
EndProject
Project("{FAE04EC0-301F-11D3-BF4B-00C04F79EFBC}") = "HorseApp.Infrastructure", "..\HorseApp.Infrastructure\HorseApp.Infrastructure.csproj", "{4C16EE45-9E29-49B7-AD6B-75A138C1236C}"
EndProject
Global
	GlobalSection(SolutionConfigurationPlatforms) = preSolution
		Debug|Any CPU = Debug|Any CPU
		Release|Any CPU = Release|Any CPU
	EndGlobalSection
	GlobalSection(ProjectConfigurationPlatforms) = postSolution
		{93212097-DF58-425F-A2BC-3C2D75D840F6}.Debug|Any CPU.ActiveCfg = Debug|Any CPU
		{93212097-DF58-425F-A2BC-3C2D75D840F6}.Debug|Any CPU.Build.0 = Debug|Any CPU
		{93212097-DF58-425F-A2BC-3C2D75D840F6}.Release|Any CPU.ActiveCfg = Release|Any CPU
		{93212097-DF58-425F-A2BC-3C2D75D840F6}.Release|Any CPU.Build.0 = Release|Any CPU
		{D7B0646A-C386-46F0-870F-974A0556EB43}.Debug|Any CPU.ActiveCfg = Debug|Any CPU
		{D7B0646A-C386-46F0-870F-974A0556EB43}.Debug|Any CPU.Build.0 = Debug|Any CPU
		{D7B0646A-C386-46F0-870F-974A0556EB43}.Release|Any CPU.ActiveCfg = Release|Any CPU
		{D7B0646A-C386-46F0-870F-974A0556EB43}.Release|Any CPU.Build.0 = Release|Any CPU
		{C0E43C18-2D5F-42C1-B32D-AA4A679BD589}.Debug|Any CPU.ActiveCfg = Debug|Any CPU
		{C0E43C18-2D5F-42C1-B32D-AA4A679BD589}.Debug|Any CPU.Build.0 = Debug|Any CPU
		{C0E43C18-2D5F-42C1-B32D-AA4A679BD589}.Release|Any CPU.ActiveCfg = Release|Any CPU
		{C0E43C18-2D5F-42C1-B32D-AA4A679BD589}.Release|Any CPU.Build.0 = Release|Any CPU
		{4C16EE45-9E29-49B7-AD6B-75A138C1236C}.Debug|Any CPU.ActiveCfg = Debug|Any CPU
		{4C16EE45-9E29-49B7-AD6B-75A138C1236C}.Debug|Any CPU.Build.0 = Debug|Any CPU
		{4C16EE45-9E29-49B7-AD6B-75A138C1236C}.Release|Any CPU.ActiveCfg = Release|Any CPU
		{4C16EE45-9E29-49B7-AD6B-75A138C1236C}.Release|Any CPU.Build.0 = Release|Any CPU
	EndGlobalSection
	GlobalSection(SolutionProperties) = preSolution
		HideSolutionNode = FALSE
	EndGlobalSection
	GlobalSection(ExtensibilityGlobals) = postSolution
		SolutionGuid = {C5547E5B-9045-4F6C-9E64-D3FD507C2C48}
	EndGlobalSection
EndGlobal
